// !$*UTF8*$!
{
	archiveVersion = 1;
	classes = {
	};
	objectVersion = 56;
	objects = {

/* Begin PBXBuildFile section */
		2C11E2032C1F6D720036D6CD /* Notes.swift in Sources */ = {isa = PBXBuildFile; fileRef = 2C11E2022C1F6D720036D6CD /* Notes.swift */; };
		2C8255E52BD1BFFC006F3C1F /* Mission.swift in Sources */ = {isa = PBXBuildFile; fileRef = 2C8255E42BD1BFFC006F3C1F /* Mission.swift */; };
		2C8256212BD50B83006F3C1F /* Color-Theme.swift in Sources */ = {isa = PBXBuildFile; fileRef = 2C8256202BD50B83006F3C1F /* Color-Theme.swift */; };
		2C8256232BD50D3F006F3C1F /* MissionView.swift in Sources */ = {isa = PBXBuildFile; fileRef = 2C8256222BD50D3F006F3C1F /* MissionView.swift */; };
		2C8256252BD510DC006F3C1F /* AstronautView.swift in Sources */ = {isa = PBXBuildFile; fileRef = 2C8256242BD510DC006F3C1F /* AstronautView.swift */; };
		2C8256272BD51F91006F3C1F /* CustomDivider.swift in Sources */ = {isa = PBXBuildFile; fileRef = 2C8256262BD51F91006F3C1F /* CustomDivider.swift */; };
		2C8256292BD5201A006F3C1F /* CrewView.swift in Sources */ = {isa = PBXBuildFile; fileRef = 2C8256282BD5201A006F3C1F /* CrewView.swift */; };
		2C82562B2BD57BE5006F3C1F /* GridLayoutView.swift in Sources */ = {isa = PBXBuildFile; fileRef = 2C82562A2BD57BE5006F3C1F /* GridLayoutView.swift */; };
		2C82562D2BD57C08006F3C1F /* ListLayoutView.swift in Sources */ = {isa = PBXBuildFile; fileRef = 2C82562C2BD57C08006F3C1F /* ListLayoutView.swift */; };
		2CF034A02BC888BA00EBF412 /* MoonshotApp.swift in Sources */ = {isa = PBXBuildFile; fileRef = 2CF0349F2BC888BA00EBF412 /* MoonshotApp.swift */; };
		2CF034A22BC888BA00EBF412 /* ContentView.swift in Sources */ = {isa = PBXBuildFile; fileRef = 2CF034A12BC888BA00EBF412 /* ContentView.swift */; };
		2CF034A42BC888BB00EBF412 /* Assets.xcassets in Resources */ = {isa = PBXBuildFile; fileRef = 2CF034A32BC888BB00EBF412 /* Assets.xcassets */; };
		2CF034A72BC888BB00EBF412 /* Preview Assets.xcassets in Resources */ = {isa = PBXBuildFile; fileRef = 2CF034A62BC888BB00EBF412 /* Preview Assets.xcassets */; };
		2CF034AE2BCB2ED100EBF412 /* missions.json in Resources */ = {isa = PBXBuildFile; fileRef = 2CF034AD2BCB2ED100EBF412 /* missions.json */; };
		2CF034B02BCB2ED700EBF412 /* astronauts.json in Resources */ = {isa = PBXBuildFile; fileRef = 2CF034AF2BCB2ED700EBF412 /* astronauts.json */; };
		2CF034B22BCB2F2300EBF412 /* Astronaut.swift in Sources */ = {isa = PBXBuildFile; fileRef = 2CF034B12BCB2F2300EBF412 /* Astronaut.swift */; };
		2CF034B42BCB2FA900EBF412 /* Bundle-Decodable.swift in Sources */ = {isa = PBXBuildFile; fileRef = 2CF034B32BCB2FA900EBF412 /* Bundle-Decodable.swift */; };
/* End PBXBuildFile section */

/* Begin PBXFileReference section */
		2C11E2022C1F6D720036D6CD /* Notes.swift */ = {isa = PBXFileReference; lastKnownFileType = sourcecode.swift; path = Notes.swift; sourceTree = "<group>"; };
		2C8255E42BD1BFFC006F3C1F /* Mission.swift */ = {isa = PBXFileReference; lastKnownFileType = sourcecode.swift; path = Mission.swift; sourceTree = "<group>"; };
		2C8256202BD50B83006F3C1F /* Color-Theme.swift */ = {isa = PBXFileReference; lastKnownFileType = sourcecode.swift; path = "Color-Theme.swift"; sourceTree = "<group>"; };
		2C8256222BD50D3F006F3C1F /* MissionView.swift */ = {isa = PBXFileReference; lastKnownFileType = sourcecode.swift; path = MissionView.swift; sourceTree = "<group>"; };
		2C8256242BD510DC006F3C1F /* AstronautView.swift */ = {isa = PBXFileReference; lastKnownFileType = sourcecode.swift; path = AstronautView.swift; sourceTree = "<group>"; };
		2C8256262BD51F91006F3C1F /* CustomDivider.swift */ = {isa = PBXFileReference; lastKnownFileType = sourcecode.swift; path = CustomDivider.swift; sourceTree = "<group>"; };
		2C8256282BD5201A006F3C1F /* CrewView.swift */ = {isa = PBXFileReference; lastKnownFileType = sourcecode.swift; path = CrewView.swift; sourceTree = "<group>"; };
		2C82562A2BD57BE5006F3C1F /* GridLayoutView.swift */ = {isa = PBXFileReference; lastKnownFileType = sourcecode.swift; path = GridLayoutView.swift; sourceTree = "<group>"; };
		2C82562C2BD57C08006F3C1F /* ListLayoutView.swift */ = {isa = PBXFileReference; lastKnownFileType = sourcecode.swift; path = ListLayoutView.swift; sourceTree = "<group>"; };
		2CF0349C2BC888BA00EBF412 /* Moonshot.app */ = {isa = PBXFileReference; explicitFileType = wrapper.application; includeInIndex = 0; path = Moonshot.app; sourceTree = BUILT_PRODUCTS_DIR; };
		2CF0349F2BC888BA00EBF412 /* MoonshotApp.swift */ = {isa = PBXFileReference; lastKnownFileType = sourcecode.swift; path = MoonshotApp.swift; sourceTree = "<group>"; };
		2CF034A12BC888BA00EBF412 /* ContentView.swift */ = {isa = PBXFileReference; lastKnownFileType = sourcecode.swift; path = ContentView.swift; sourceTree = "<group>"; };
		2CF034A32BC888BB00EBF412 /* Assets.xcassets */ = {isa = PBXFileReference; lastKnownFileType = folder.assetcatalog; path = Assets.xcassets; sourceTree = "<group>"; };
		2CF034A62BC888BB00EBF412 /* Preview Assets.xcassets */ = {isa = PBXFileReference; lastKnownFileType = folder.assetcatalog; path = "Preview Assets.xcassets"; sourceTree = "<group>"; };
		2CF034AD2BCB2ED100EBF412 /* missions.json */ = {isa = PBXFileReference; fileEncoding = 4; lastKnownFileType = text.json; path = missions.json; sourceTree = "<group>"; };
		2CF034AF2BCB2ED700EBF412 /* astronauts.json */ = {isa = PBXFileReference; fileEncoding = 4; lastKnownFileType = text.json; path = astronauts.json; sourceTree = "<group>"; };
		2CF034B12BCB2F2300EBF412 /* Astronaut.swift */ = {isa = PBXFileReference; lastKnownFileType = sourcecode.swift; path = Astronaut.swift; sourceTree = "<group>"; };
		2CF034B32BCB2FA900EBF412 /* Bundle-Decodable.swift */ = {isa = PBXFileReference; lastKnownFileType = sourcecode.swift; path = "Bundle-Decodable.swift"; sourceTree = "<group>"; };
/* End PBXFileReference section */

/* Begin PBXFrameworksBuildPhase section */
		2CF034992BC888BA00EBF412 /* Frameworks */ = {
			isa = PBXFrameworksBuildPhase;
			buildActionMask = 2147483647;
			files = (
			);
			runOnlyForDeploymentPostprocessing = 0;
		};
/* End PBXFrameworksBuildPhase section */

/* Begin PBXGroup section */
		2CF034932BC888BA00EBF412 = {
			isa = PBXGroup;
			children = (
				2CF0349E2BC888BA00EBF412 /* Moonshot */,
				2CF0349D2BC888BA00EBF412 /* Products */,
			);
			sourceTree = "<group>";
		};
		2CF0349D2BC888BA00EBF412 /* Products */ = {
			isa = PBXGroup;
			children = (
				2CF0349C2BC888BA00EBF412 /* Moonshot.app */,
			);
			name = Products;
			sourceTree = "<group>";
		};
		2CF0349E2BC888BA00EBF412 /* Moonshot */ = {
			isa = PBXGroup;
			children = (
				2CF0349F2BC888BA00EBF412 /* MoonshotApp.swift */,
				2C11E2022C1F6D720036D6CD /* Notes.swift */,
				2CF034A12BC888BA00EBF412 /* ContentView.swift */,
				2C82562A2BD57BE5006F3C1F /* GridLayoutView.swift */,
				2C82562C2BD57C08006F3C1F /* ListLayoutView.swift */,
				2C8256222BD50D3F006F3C1F /* MissionView.swift */,
				2C8256282BD5201A006F3C1F /* CrewView.swift */,
				2C8256262BD51F91006F3C1F /* CustomDivider.swift */,
				2C8256242BD510DC006F3C1F /* AstronautView.swift */,
				2C8256202BD50B83006F3C1F /* Color-Theme.swift */,
				2CF034B12BCB2F2300EBF412 /* Astronaut.swift */,
				2CF034B32BCB2FA900EBF412 /* Bundle-Decodable.swift */,
				2C8255E42BD1BFFC006F3C1F /* Mission.swift */,
				2CF034A32BC888BB00EBF412 /* Assets.xcassets */,
				2CF034AD2BCB2ED100EBF412 /* missions.json */,
				2CF034AF2BCB2ED700EBF412 /* astronauts.json */,
				2CF034A52BC888BB00EBF412 /* Preview Content */,
			);
			path = Moonshot;
			sourceTree = "<group>";
		};
		2CF034A52BC888BB00EBF412 /* Preview Content */ = {
			isa = PBXGroup;
			children = (
				2CF034A62BC888BB00EBF412 /* Preview Assets.xcassets */,
			);
			path = "Preview Content";
			sourceTree = "<group>";
		};
/* End PBXGroup section */

/* Begin PBXNativeTarget section */
		2CF0349B2BC888BA00EBF412 /* Moonshot */ = {
			isa = PBXNativeTarget;
			buildConfigurationList = 2CF034AA2BC888BB00EBF412 /* Build configuration list for PBXNativeTarget "Moonshot" */;
			buildPhases = (
				2CF034982BC888BA00EBF412 /* Sources */,
				2CF034992BC888BA00EBF412 /* Frameworks */,
				2CF0349A2BC888BA00EBF412 /* Resources */,
			);
			buildRules = (
			);
			dependencies = (
			);
			name = Moonshot;
			productName = Moonshot;
			productReference = 2CF0349C2BC888BA00EBF412 /* Moonshot.app */;
			productType = "com.apple.product-type.application";
		};
/* End PBXNativeTarget section */

/* Begin PBXProject section */
		2CF034942BC888BA00EBF412 /* Project object */ = {
			isa = PBXProject;
			attributes = {
				BuildIndependentTargetsInParallel = 1;
				LastSwiftUpdateCheck = 1530;
				LastUpgradeCheck = 1530;
				TargetAttributes = {
					2CF0349B2BC888BA00EBF412 = {
						CreatedOnToolsVersion = 15.3;
					};
				};
			};
			buildConfigurationList = 2CF034972BC888BA00EBF412 /* Build configuration list for PBXProject "Moonshot" */;
			compatibilityVersion = "Xcode 14.0";
			developmentRegion = en;
			hasScannedForEncodings = 0;
			knownRegions = (
				en,
				Base,
			);
			mainGroup = 2CF034932BC888BA00EBF412;
			productRefGroup = 2CF0349D2BC888BA00EBF412 /* Products */;
			projectDirPath = "";
			projectRoot = "";
			targets = (
				2CF0349B2BC888BA00EBF412 /* Moonshot */,
			);
		};
/* End PBXProject section */

/* Begin PBXResourcesBuildPhase section */
		2CF0349A2BC888BA00EBF412 /* Resources */ = {
			isa = PBXResourcesBuildPhase;
			buildActionMask = 2147483647;
			files = (
				2CF034A72BC888BB00EBF412 /* Preview Assets.xcassets in Resources */,
				2CF034AE2BCB2ED100EBF412 /* missions.json in Resources */,
				2CF034A42BC888BB00EBF412 /* Assets.xcassets in Resources */,
				2CF034B02BCB2ED700EBF412 /* astronauts.json in Resources */,
			);
			runOnlyForDeploymentPostprocessing = 0;
		};
/* End PBXResourcesBuildPhase section */

/* Begin PBXSourcesBuildPhase section */
		2CF034982BC888BA00EBF412 /* Sources */ = {
			isa = PBXSourcesBuildPhase;
			buildActionMask = 2147483647;
			files = (
				2C82562D2BD57C08006F3C1F /* ListLayoutView.swift in Sources */,
				2C11E2032C1F6D720036D6CD /* Notes.swift in Sources */,
				2C8256232BD50D3F006F3C1F /* MissionView.swift in Sources */,
				2CF034B22BCB2F2300EBF412 /* Astronaut.swift in Sources */,
				2C8256252BD510DC006F3C1F /* AstronautView.swift in Sources */,
				2C8256212BD50B83006F3C1F /* Color-Theme.swift in Sources */,
				2CF034A22BC888BA00EBF412 /* ContentView.swift in Sources */,
				2C8256292BD5201A006F3C1F /* CrewView.swift in Sources */,
				2CF034A02BC888BA00EBF412 /* MoonshotApp.swift in Sources */,
				2C82562B2BD57BE5006F3C1F /* GridLayoutView.swift in Sources */,
				2C8255E52BD1BFFC006F3C1F /* Mission.swift in Sources */,
				2CF034B42BCB2FA900EBF412 /* Bundle-Decodable.swift in Sources */,
				2C8256272BD51F91006F3C1F /* CustomDivider.swift in Sources */,
			);
			runOnlyForDeploymentPostprocessing = 0;
		};
/* End PBXSourcesBuildPhase section */

/* Begin XCBuildConfiguration section */
		2CF034A82BC888BB00EBF412 /* Debug */ = {
			isa = XCBuildConfiguration;
			buildSettings = {
				ALWAYS_SEARCH_USER_PATHS = NO;
				ASSETCATALOG_COMPILER_GENERATE_SWIFT_ASSET_SYMBOL_EXTENSIONS = YES;
				CLANG_ANALYZER_NONNULL = YES;
				CLANG_ANALYZER_NUMBER_OBJECT_CONVERSION = YES_AGGRESSIVE;
				CLANG_CXX_LANGUAGE_STANDARD = "gnu++20";
				CLANG_ENABLE_MODULES = YES;
				CLANG_ENABLE_OBJC_ARC = YES;
				CLANG_ENABLE_OBJC_WEAK = YES;
				CLANG_WARN_BLOCK_CAPTURE_AUTORELEASING = YES;
				CLANG_WARN_BOOL_CONVERSION = YES;
				CLANG_WARN_COMMA = YES;
				CLANG_WARN_CONSTANT_CONVERSION = YES;
				CLANG_WARN_DEPRECATED_OBJC_IMPLEMENTATIONS = YES;
				CLANG_WARN_DIRECT_OBJC_ISA_USAGE = YES_ERROR;
				CLANG_WARN_DOCUMENTATION_COMMENTS = YES;
				CLANG_WARN_EMPTY_BODY = YES;
				CLANG_WARN_ENUM_CONVERSION = YES;
				CLANG_WARN_INFINITE_RECURSION = YES;
				CLANG_WARN_INT_CONVERSION = YES;
				CLANG_WARN_NON_LITERAL_NULL_CONVERSION = YES;
				CLANG_WARN_OBJC_IMPLICIT_RETAIN_SELF = YES;
				CLANG_WARN_OBJC_LITERAL_CONVERSION = YES;
				CLANG_WARN_OBJC_ROOT_CLASS = YES_ERROR;
				CLANG_WARN_QUOTED_INCLUDE_IN_FRAMEWORK_HEADER = YES;
				CLANG_WARN_RANGE_LOOP_ANALYSIS = YES;
				CLANG_WARN_STRICT_PROTOTYPES = YES;
				CLANG_WARN_SUSPICIOUS_MOVE = YES;
				CLANG_WARN_UNGUARDED_AVAILABILITY = YES_AGGRESSIVE;
				CLANG_WARN_UNREACHABLE_CODE = YES;
				CLANG_WARN__DUPLICATE_METHOD_MATCH = YES;
				COPY_PHASE_STRIP = NO;
				DEBUG_INFORMATION_FORMAT = dwarf;
				ENABLE_STRICT_OBJC_MSGSEND = YES;
				ENABLE_TESTABILITY = YES;
				ENABLE_USER_SCRIPT_SANDBOXING = YES;
				GCC_C_LANGUAGE_STANDARD = gnu17;
				GCC_DYNAMIC_NO_PIC = NO;
				GCC_NO_COMMON_BLOCKS = YES;
				GCC_OPTIMIZATION_LEVEL = 0;
				GCC_PREPROCESSOR_DEFINITIONS = (
					"DEBUG=1",
					"$(inherited)",
				);
				GCC_WARN_64_TO_32_BIT_CONVERSION = YES;
				GCC_WARN_ABOUT_RETURN_TYPE = YES_ERROR;
				GCC_WARN_UNDECLARED_SELECTOR = YES;
				GCC_WARN_UNINITIALIZED_AUTOS = YES_AGGRESSIVE;
				GCC_WARN_UNUSED_FUNCTION = YES;
				GCC_WARN_UNUSED_VARIABLE = YES;
				IPHONEOS_DEPLOYMENT_TARGET = 17.4;
				LOCALIZATION_PREFERS_STRING_CATALOGS = YES;
				MTL_ENABLE_DEBUG_INFO = INCLUDE_SOURCE;
				MTL_FAST_MATH = YES;
				ONLY_ACTIVE_ARCH = YES;
				SDKROOT = iphoneos;
				SWIFT_ACTIVE_COMPILATION_CONDITIONS = "DEBUG $(inherited)";
				SWIFT_OPTIMIZATION_LEVEL = "-Onone";
			};
			name = Debug;
		};
		2CF034A92BC888BB00EBF412 /* Release */ = {
			isa = XCBuildConfiguration;
			buildSettings = {
				ALWAYS_SEARCH_USER_PATHS = NO;
				ASSETCATALOG_COMPILER_GENERATE_SWIFT_ASSET_SYMBOL_EXTENSIONS = YES;
				CLANG_ANALYZER_NONNULL = YES;
				CLANG_ANALYZER_NUMBER_OBJECT_CONVERSION = YES_AGGRESSIVE;
				CLANG_CXX_LANGUAGE_STANDARD = "gnu++20";
				CLANG_ENABLE_MODULES = YES;
				CLANG_ENABLE_OBJC_ARC = YES;
				CLANG_ENABLE_OBJC_WEAK = YES;
				CLANG_WARN_BLOCK_CAPTURE_AUTORELEASING = YES;
				CLANG_WARN_BOOL_CONVERSION = YES;
				CLANG_WARN_COMMA = YES;
				CLANG_WARN_CONSTANT_CONVERSION = YES;
				CLANG_WARN_DEPRECATED_OBJC_IMPLEMENTATIONS = YES;
				CLANG_WARN_DIRECT_OBJC_ISA_USAGE = YES_ERROR;
				CLANG_WARN_DOCUMENTATION_COMMENTS = YES;
				CLANG_WARN_EMPTY_BODY = YES;
				CLANG_WARN_ENUM_CONVERSION = YES;
				CLANG_WARN_INFINITE_RECURSION = YES;
				CLANG_WARN_INT_CONVERSION = YES;
				CLANG_WARN_NON_LITERAL_NULL_CONVERSION = YES;
				CLANG_WARN_OBJC_IMPLICIT_RETAIN_SELF = YES;
				CLANG_WARN_OBJC_LITERAL_CONVERSION = YES;
				CLANG_WARN_OBJC_ROOT_CLASS = YES_ERROR;
				CLANG_WARN_QUOTED_INCLUDE_IN_FRAMEWORK_HEADER = YES;
				CLANG_WARN_RANGE_LOOP_ANALYSIS = YES;
				CLANG_WARN_STRICT_PROTOTYPES = YES;
				CLANG_WARN_SUSPICIOUS_MOVE = YES;
				CLANG_WARN_UNGUARDED_AVAILABILITY = YES_AGGRESSIVE;
				CLANG_WARN_UNREACHABLE_CODE = YES;
				CLANG_WARN__DUPLICATE_METHOD_MATCH = YES;
				COPY_PHASE_STRIP = NO;
				DEBUG_INFORMATION_FORMAT = "dwarf-with-dsym";
				ENABLE_NS_ASSERTIONS = NO;
				ENABLE_STRICT_OBJC_MSGSEND = YES;
				ENABLE_USER_SCRIPT_SANDBOXING = YES;
				GCC_C_LANGUAGE_STANDARD = gnu17;
				GCC_NO_COMMON_BLOCKS = YES;
				GCC_WARN_64_TO_32_BIT_CONVERSION = YES;
				GCC_WARN_ABOUT_RETURN_TYPE = YES_ERROR;
				GCC_WARN_UNDECLARED_SELECTOR = YES;
				GCC_WARN_UNINITIALIZED_AUTOS = YES_AGGRESSIVE;
				GCC_WARN_UNUSED_FUNCTION = YES;
				GCC_WARN_UNUSED_VARIABLE = YES;
				IPHONEOS_DEPLOYMENT_TARGET = 17.4;
				LOCALIZATION_PREFERS_STRING_CATALOGS = YES;
				MTL_ENABLE_DEBUG_INFO = NO;
				MTL_FAST_MATH = YES;
				SDKROOT = iphoneos;
				SWIFT_COMPILATION_MODE = wholemodule;
				VALIDATE_PRODUCT = YES;
			};
			name = Release;
		};
		2CF034AB2BC888BB00EBF412 /* Debug */ = {
			isa = XCBuildConfiguration;
			buildSettings = {
				ASSETCATALOG_COMPILER_APPICON_NAME = AppIcon;
				ASSETCATALOG_COMPILER_GLOBAL_ACCENT_COLOR_NAME = AccentColor;
				CODE_SIGN_STYLE = Automatic;
				CURRENT_PROJECT_VERSION = 1;
				DEVELOPMENT_ASSET_PATHS = "\"Moonshot/Preview Content\"";
				DEVELOPMENT_TEAM = 56SBWQ6FG6;
				ENABLE_PREVIEWS = YES;
				GENERATE_INFOPLIST_FILE = YES;
				INFOPLIST_KEY_UIApplicationSceneManifest_Generation = YES;
				INFOPLIST_KEY_UIApplicationSupportsIndirectInputEvents = YES;
				INFOPLIST_KEY_UILaunchScreen_Generation = YES;
				INFOPLIST_KEY_UISupportedInterfaceOrientations_iPad = "UIInterfaceOrientationPortrait UIInterfaceOrientationPortraitUpsideDown UIInterfaceOrientationLandscapeLeft UIInterfaceOrientationLandscapeRight";
				INFOPLIST_KEY_UISupportedInterfaceOrientations_iPhone = "UIInterfaceOrientationPortrait UIInterfaceOrientationLandscapeLeft UIInterfaceOrientationLandscapeRight";
				LD_RUNPATH_SEARCH_PATHS = (
					"$(inherited)",
					"@executable_path/Frameworks",
				);
				MARKETING_VERSION = 1.0;
				PRODUCT_BUNDLE_IDENTIFIER = ps.Moonshot;
				PRODUCT_NAME = "$(TARGET_NAME)";
				SWIFT_EMIT_LOC_STRINGS = YES;
				SWIFT_VERSION = 5.0;
				TARGETED_DEVICE_FAMILY = "1,2";
			};
			name = Debug;
		};
		2CF034AC2BC888BB00EBF412 /* Release */ = {
			isa = XCBuildConfiguration;
			buildSettings = {
				ASSETCATALOG_COMPILER_APPICON_NAME = AppIcon;
				ASSETCATALOG_COMPILER_GLOBAL_ACCENT_COLOR_NAME = AccentColor;
				CODE_SIGN_STYLE = Automatic;
				CURRENT_PROJECT_VERSION = 1;
				DEVELOPMENT_ASSET_PATHS = "\"Moonshot/Preview Content\"";
				DEVELOPMENT_TEAM = 56SBWQ6FG6;
				ENABLE_PREVIEWS = YES;
				GENERATE_INFOPLIST_FILE = YES;
				INFOPLIST_KEY_UIApplicationSceneManifest_Generation = YES;
				INFOPLIST_KEY_UIApplicationSupportsIndirectInputEvents = YES;
				INFOPLIST_KEY_UILaunchScreen_Generation = YES;
				INFOPLIST_KEY_UISupportedInterfaceOrientations_iPad = "UIInterfaceOrientationPortrait UIInterfaceOrientationPortraitUpsideDown UIInterfaceOrientationLandscapeLeft UIInterfaceOrientationLandscapeRight";
				INFOPLIST_KEY_UISupportedInterfaceOrientations_iPhone = "UIInterfaceOrientationPortrait UIInterfaceOrientationLandscapeLeft UIInterfaceOrientationLandscapeRight";
				LD_RUNPATH_SEARCH_PATHS = (
					"$(inherited)",
					"@executable_path/Frameworks",
				);
				MARKETING_VERSION = 1.0;
				PRODUCT_BUNDLE_IDENTIFIER = ps.Moonshot;
				PRODUCT_NAME = "$(TARGET_NAME)";
				SWIFT_EMIT_LOC_STRINGS = YES;
				SWIFT_VERSION = 5.0;
				TARGETED_DEVICE_FAMILY = "1,2";
			};
			name = Release;
		};
/* End XCBuildConfiguration section */

/* Begin XCConfigurationList section */
		2CF034972BC888BA00EBF412 /* Build configuration list for PBXProject "Moonshot" */ = {
			isa = XCConfigurationList;
			buildConfigurations = (
				2CF034A82BC888BB00EBF412 /* Debug */,
				2CF034A92BC888BB00EBF412 /* Release */,
			);
			defaultConfigurationIsVisible = 0;
			defaultConfigurationName = Release;
		};
		2CF034AA2BC888BB00EBF412 /* Build configuration list for PBXNativeTarget "Moonshot" */ = {
			isa = XCConfigurationList;
			buildConfigurations = (
				2CF034AB2BC888BB00EBF412 /* Debug */,
				2CF034AC2BC888BB00EBF412 /* Release */,
			);
			defaultConfigurationIsVisible = 0;
			defaultConfigurationName = Release;
		};
/* End XCConfigurationList section */
	};
	rootObject = 2CF034942BC888BA00EBF412 /* Project object */;
}
