// !$*UTF8*$!
{
	archiveVersion = 1;
	classes = {
	};
	objectVersion = 56;
	objects = {

/* Begin PBXBuildFile section */
		2C11E2112C1F85880036D6CD /* NavigationApp.swift in Sources */ = {isa = PBXBuildFile; fileRef = 2C11E2102C1F85880036D6CD /* NavigationApp.swift */; };
		2C11E2132C1F85880036D6CD /* ContentView.swift in Sources */ = {isa = PBXBuildFile; fileRef = 2C11E2122C1F85880036D6CD /* ContentView.swift */; };
		2C11E2152C1F858A0036D6CD /* Assets.xcassets in Resources */ = {isa = PBXBuildFile; fileRef = 2C11E2142C1F858A0036D6CD /* Assets.xcassets */; };
		2C11E2182C1F858A0036D6CD /* Preview Assets.xcassets in Resources */ = {isa = PBXBuildFile; fileRef = 2C11E2172C1F858A0036D6CD /* Preview Assets.xcassets */; };
		2C11E21F2C1F862D0036D6CD /* SmartNavigationView.swift in Sources */ = {isa = PBXBuildFile; fileRef = 2C11E21E2C1F862D0036D6CD /* SmartNavigationView.swift */; };
		2C11E2212C1F8BED0036D6CD /* ProgrammaticNavigationStackView.swift in Sources */ = {isa = PBXBuildFile; fileRef = 2C11E2202C1F8BED0036D6CD /* ProgrammaticNavigationStackView.swift */; };
		2C491E392C222608003F8B56 /* SavingNavigationStackView.swift in Sources */ = {isa = PBXBuildFile; fileRef = 2C491E382C222608003F8B56 /* SavingNavigationStackView.swift */; };
		2CAB1E782C24C79200E6746C /* EditableNavigationTitle.swift in Sources */ = {isa = PBXBuildFile; fileRef = 2CAB1E772C24C79200E6746C /* EditableNavigationTitle.swift */; };
		2CB38EFC2C222F7C00E6DB91 /* CustomNavigationBarView.swift in Sources */ = {isa = PBXBuildFile; fileRef = 2CB38EFB2C222F7C00E6DB91 /* CustomNavigationBarView.swift */; };
		2CDAC05C2C20EADA00901C44 /* NavigationPathView.swift in Sources */ = {isa = PBXBuildFile; fileRef = 2CDAC05B2C20EADA00901C44 /* NavigationPathView.swift */; };
		2CDE39892C2215F100CE3893 /* UsingNavigationPathInMultipleView.swift in Sources */ = {isa = PBXBuildFile; fileRef = 2CDE39882C2215F100CE3893 /* UsingNavigationPathInMultipleView.swift */; };
/* End PBXBuildFile section */

/* Begin PBXFileReference section */
		2C11E20D2C1F85880036D6CD /* Navigation.app */ = {isa = PBXFileReference; explicitFileType = wrapper.application; includeInIndex = 0; path = Navigation.app; sourceTree = BUILT_PRODUCTS_DIR; };
		2C11E2102C1F85880036D6CD /* NavigationApp.swift */ = {isa = PBXFileReference; lastKnownFileType = sourcecode.swift; path = NavigationApp.swift; sourceTree = "<group>"; };
		2C11E2122C1F85880036D6CD /* ContentView.swift */ = {isa = PBXFileReference; lastKnownFileType = sourcecode.swift; path = ContentView.swift; sourceTree = "<group>"; };
		2C11E2142C1F858A0036D6CD /* Assets.xcassets */ = {isa = PBXFileReference; lastKnownFileType = folder.assetcatalog; path = Assets.xcassets; sourceTree = "<group>"; };
		2C11E2172C1F858A0036D6CD /* Preview Assets.xcassets */ = {isa = PBXFileReference; lastKnownFileType = folder.assetcatalog; path = "Preview Assets.xcassets"; sourceTree = "<group>"; };
		2C11E21E2C1F862D0036D6CD /* SmartNavigationView.swift */ = {isa = PBXFileReference; lastKnownFileType = sourcecode.swift; path = SmartNavigationView.swift; sourceTree = "<group>"; };
		2C11E2202C1F8BED0036D6CD /* ProgrammaticNavigationStackView.swift */ = {isa = PBXFileReference; lastKnownFileType = sourcecode.swift; path = ProgrammaticNavigationStackView.swift; sourceTree = "<group>"; };
		2C491E382C222608003F8B56 /* SavingNavigationStackView.swift */ = {isa = PBXFileReference; lastKnownFileType = sourcecode.swift; path = SavingNavigationStackView.swift; sourceTree = "<group>"; };
		2CAB1E772C24C79200E6746C /* EditableNavigationTitle.swift */ = {isa = PBXFileReference; lastKnownFileType = sourcecode.swift; path = EditableNavigationTitle.swift; sourceTree = "<group>"; };
		2CB38EFB2C222F7C00E6DB91 /* CustomNavigationBarView.swift */ = {isa = PBXFileReference; lastKnownFileType = sourcecode.swift; path = CustomNavigationBarView.swift; sourceTree = "<group>"; };
		2CDAC05B2C20EADA00901C44 /* NavigationPathView.swift */ = {isa = PBXFileReference; lastKnownFileType = sourcecode.swift; path = NavigationPathView.swift; sourceTree = "<group>"; };
		2CDE39882C2215F100CE3893 /* UsingNavigationPathInMultipleView.swift */ = {isa = PBXFileReference; lastKnownFileType = sourcecode.swift; path = UsingNavigationPathInMultipleView.swift; sourceTree = "<group>"; };
/* End PBXFileReference section */

/* Begin PBXFrameworksBuildPhase section */
		2C11E20A2C1F85880036D6CD /* Frameworks */ = {
			isa = PBXFrameworksBuildPhase;
			buildActionMask = 2147483647;
			files = (
			);
			runOnlyForDeploymentPostprocessing = 0;
		};
/* End PBXFrameworksBuildPhase section */

/* Begin PBXGroup section */
		2C11E2042C1F85880036D6CD = {
			isa = PBXGroup;
			children = (
				2C11E20F2C1F85880036D6CD /* Navigation */,
				2C11E20E2C1F85880036D6CD /* Products */,
			);
			sourceTree = "<group>";
		};
		2C11E20E2C1F85880036D6CD /* Products */ = {
			isa = PBXGroup;
			children = (
				2C11E20D2C1F85880036D6CD /* Navigation.app */,
			);
			name = Products;
			sourceTree = "<group>";
		};
		2C11E20F2C1F85880036D6CD /* Navigation */ = {
			isa = PBXGroup;
			children = (
				2C11E2102C1F85880036D6CD /* NavigationApp.swift */,
				2C11E2122C1F85880036D6CD /* ContentView.swift */,
				2C11E21E2C1F862D0036D6CD /* SmartNavigationView.swift */,
				2C11E2202C1F8BED0036D6CD /* ProgrammaticNavigationStackView.swift */,
				2CDAC05B2C20EADA00901C44 /* NavigationPathView.swift */,
				2CDE39882C2215F100CE3893 /* UsingNavigationPathInMultipleView.swift */,
				2C491E382C222608003F8B56 /* SavingNavigationStackView.swift */,
				2CB38EFB2C222F7C00E6DB91 /* CustomNavigationBarView.swift */,
				2CAB1E772C24C79200E6746C /* EditableNavigationTitle.swift */,
				2C11E2142C1F858A0036D6CD /* Assets.xcassets */,
				2C11E2162C1F858A0036D6CD /* Preview Content */,
			);
			path = Navigation;
			sourceTree = "<group>";
		};
		2C11E2162C1F858A0036D6CD /* Preview Content */ = {
			isa = PBXGroup;
			children = (
				2C11E2172C1F858A0036D6CD /* Preview Assets.xcassets */,
			);
			path = "Preview Content";
			sourceTree = "<group>";
		};
/* End PBXGroup section */

/* Begin PBXNativeTarget section */
		2C11E20C2C1F85880036D6CD /* Navigation */ = {
			isa = PBXNativeTarget;
			buildConfigurationList = 2C11E21B2C1F858A0036D6CD /* Build configuration list for PBXNativeTarget "Navigation" */;
			buildPhases = (
				2C11E2092C1F85880036D6CD /* Sources */,
				2C11E20A2C1F85880036D6CD /* Frameworks */,
				2C11E20B2C1F85880036D6CD /* Resources */,
			);
			buildRules = (
			);
			dependencies = (
			);
			name = Navigation;
			productName = Navigation;
			productReference = 2C11E20D2C1F85880036D6CD /* Navigation.app */;
			productType = "com.apple.product-type.application";
		};
/* End PBXNativeTarget section */

/* Begin PBXProject section */
		2C11E2052C1F85880036D6CD /* Project object */ = {
			isa = PBXProject;
			attributes = {
				BuildIndependentTargetsInParallel = 1;
				LastSwiftUpdateCheck = 1540;
				LastUpgradeCheck = 1540;
				TargetAttributes = {
					2C11E20C2C1F85880036D6CD = {
						CreatedOnToolsVersion = 15.4;
					};
				};
			};
			buildConfigurationList = 2C11E2082C1F85880036D6CD /* Build configuration list for PBXProject "Navigation" */;
			compatibilityVersion = "Xcode 14.0";
			developmentRegion = en;
			hasScannedForEncodings = 0;
			knownRegions = (
				en,
				Base,
			);
			mainGroup = 2C11E2042C1F85880036D6CD;
			productRefGroup = 2C11E20E2C1F85880036D6CD /* Products */;
			projectDirPath = "";
			projectRoot = "";
			targets = (
				2C11E20C2C1F85880036D6CD /* Navigation */,
			);
		};
/* End PBXProject section */

/* Begin PBXResourcesBuildPhase section */
		2C11E20B2C1F85880036D6CD /* Resources */ = {
			isa = PBXResourcesBuildPhase;
			buildActionMask = 2147483647;
			files = (
				2C11E2182C1F858A0036D6CD /* Preview Assets.xcassets in Resources */,
				2C11E2152C1F858A0036D6CD /* Assets.xcassets in Resources */,
			);
			runOnlyForDeploymentPostprocessing = 0;
		};
/* End PBXResourcesBuildPhase section */

/* Begin PBXSourcesBuildPhase section */
		2C11E2092C1F85880036D6CD /* Sources */ = {
			isa = PBXSourcesBuildPhase;
			buildActionMask = 2147483647;
			files = (
				2C11E2132C1F85880036D6CD /* ContentView.swift in Sources */,
				2CDE39892C2215F100CE3893 /* UsingNavigationPathInMultipleView.swift in Sources */,
				2CDAC05C2C20EADA00901C44 /* NavigationPathView.swift in Sources */,
				2CB38EFC2C222F7C00E6DB91 /* CustomNavigationBarView.swift in Sources */,
				2C11E21F2C1F862D0036D6CD /* SmartNavigationView.swift in Sources */,
				2C491E392C222608003F8B56 /* SavingNavigationStackView.swift in Sources */,
				2C11E2112C1F85880036D6CD /* NavigationApp.swift in Sources */,
				2C11E2212C1F8BED0036D6CD /* ProgrammaticNavigationStackView.swift in Sources */,
				2CAB1E782C24C79200E6746C /* EditableNavigationTitle.swift in Sources */,
			);
			runOnlyForDeploymentPostprocessing = 0;
		};
/* End PBXSourcesBuildPhase section */

/* Begin XCBuildConfiguration section */
		2C11E2192C1F858A0036D6CD /* Debug */ = {
			isa = XCBuildConfiguration;
			buildSettings = {
				ALWAYS_SEARCH_USER_PATHS = NO;
				ASSETCATALOG_COMPILER_GENERATE_SWIFT_ASSET_SYMBOL_EXTENSIONS = YES;
				CLANG_ANALYZER_NONNULL = YES;
				CLANG_ANALYZER_NUMBER_OBJECT_CONVERSION = YES_AGGRESSIVE;
				CLANG_CXX_LANGUAGE_STANDARD = "gnu++20";
				CLANG_ENABLE_MODULES = YES;
				CLANG_ENABLE_OBJC_ARC = YES;
				CLANG_ENABLE_OBJC_WEAK = YES;
				CLANG_WARN_BLOCK_CAPTURE_AUTORELEASING = YES;
				CLANG_WARN_BOOL_CONVERSION = YES;
				CLANG_WARN_COMMA = YES;
				CLANG_WARN_CONSTANT_CONVERSION = YES;
				CLANG_WARN_DEPRECATED_OBJC_IMPLEMENTATIONS = YES;
				CLANG_WARN_DIRECT_OBJC_ISA_USAGE = YES_ERROR;
				CLANG_WARN_DOCUMENTATION_COMMENTS = YES;
				CLANG_WARN_EMPTY_BODY = YES;
				CLANG_WARN_ENUM_CONVERSION = YES;
				CLANG_WARN_INFINITE_RECURSION = YES;
				CLANG_WARN_INT_CONVERSION = YES;
				CLANG_WARN_NON_LITERAL_NULL_CONVERSION = YES;
				CLANG_WARN_OBJC_IMPLICIT_RETAIN_SELF = YES;
				CLANG_WARN_OBJC_LITERAL_CONVERSION = YES;
				CLANG_WARN_OBJC_ROOT_CLASS = YES_ERROR;
				CLANG_WARN_QUOTED_INCLUDE_IN_FRAMEWORK_HEADER = YES;
				CLANG_WARN_RANGE_LOOP_ANALYSIS = YES;
				CLANG_WARN_STRICT_PROTOTYPES = YES;
				CLANG_WARN_SUSPICIOUS_MOVE = YES;
				CLANG_WARN_UNGUARDED_AVAILABILITY = YES_AGGRESSIVE;
				CLANG_WARN_UNREACHABLE_CODE = YES;
				CLANG_WARN__DUPLICATE_METHOD_MATCH = YES;
				COPY_PHASE_STRIP = NO;
				DEBUG_INFORMATION_FORMAT = dwarf;
				ENABLE_STRICT_OBJC_MSGSEND = YES;
				ENABLE_TESTABILITY = YES;
				ENABLE_USER_SCRIPT_SANDBOXING = YES;
				GCC_C_LANGUAGE_STANDARD = gnu17;
				GCC_DYNAMIC_NO_PIC = NO;
				GCC_NO_COMMON_BLOCKS = YES;
				GCC_OPTIMIZATION_LEVEL = 0;
				GCC_PREPROCESSOR_DEFINITIONS = (
					"DEBUG=1",
					"$(inherited)",
				);
				GCC_WARN_64_TO_32_BIT_CONVERSION = YES;
				GCC_WARN_ABOUT_RETURN_TYPE = YES_ERROR;
				GCC_WARN_UNDECLARED_SELECTOR = YES;
				GCC_WARN_UNINITIALIZED_AUTOS = YES_AGGRESSIVE;
				GCC_WARN_UNUSED_FUNCTION = YES;
				GCC_WARN_UNUSED_VARIABLE = YES;
				IPHONEOS_DEPLOYMENT_TARGET = 17.5;
				LOCALIZATION_PREFERS_STRING_CATALOGS = YES;
				MTL_ENABLE_DEBUG_INFO = INCLUDE_SOURCE;
				MTL_FAST_MATH = YES;
				ONLY_ACTIVE_ARCH = YES;
				SDKROOT = iphoneos;
				SWIFT_ACTIVE_COMPILATION_CONDITIONS = "DEBUG $(inherited)";
				SWIFT_OPTIMIZATION_LEVEL = "-Onone";
			};
			name = Debug;
		};
		2C11E21A2C1F858A0036D6CD /* Release */ = {
			isa = XCBuildConfiguration;
			buildSettings = {
				ALWAYS_SEARCH_USER_PATHS = NO;
				ASSETCATALOG_COMPILER_GENERATE_SWIFT_ASSET_SYMBOL_EXTENSIONS = YES;
				CLANG_ANALYZER_NONNULL = YES;
				CLANG_ANALYZER_NUMBER_OBJECT_CONVERSION = YES_AGGRESSIVE;
				CLANG_CXX_LANGUAGE_STANDARD = "gnu++20";
				CLANG_ENABLE_MODULES = YES;
				CLANG_ENABLE_OBJC_ARC = YES;
				CLANG_ENABLE_OBJC_WEAK = YES;
				CLANG_WARN_BLOCK_CAPTURE_AUTORELEASING = YES;
				CLANG_WARN_BOOL_CONVERSION = YES;
				CLANG_WARN_COMMA = YES;
				CLANG_WARN_CONSTANT_CONVERSION = YES;
				CLANG_WARN_DEPRECATED_OBJC_IMPLEMENTATIONS = YES;
				CLANG_WARN_DIRECT_OBJC_ISA_USAGE = YES_ERROR;
				CLANG_WARN_DOCUMENTATION_COMMENTS = YES;
				CLANG_WARN_EMPTY_BODY = YES;
				CLANG_WARN_ENUM_CONVERSION = YES;
				CLANG_WARN_INFINITE_RECURSION = YES;
				CLANG_WARN_INT_CONVERSION = YES;
				CLANG_WARN_NON_LITERAL_NULL_CONVERSION = YES;
				CLANG_WARN_OBJC_IMPLICIT_RETAIN_SELF = YES;
				CLANG_WARN_OBJC_LITERAL_CONVERSION = YES;
				CLANG_WARN_OBJC_ROOT_CLASS = YES_ERROR;
				CLANG_WARN_QUOTED_INCLUDE_IN_FRAMEWORK_HEADER = YES;
				CLANG_WARN_RANGE_LOOP_ANALYSIS = YES;
				CLANG_WARN_STRICT_PROTOTYPES = YES;
				CLANG_WARN_SUSPICIOUS_MOVE = YES;
				CLANG_WARN_UNGUARDED_AVAILABILITY = YES_AGGRESSIVE;
				CLANG_WARN_UNREACHABLE_CODE = YES;
				CLANG_WARN__DUPLICATE_METHOD_MATCH = YES;
				COPY_PHASE_STRIP = NO;
				DEBUG_INFORMATION_FORMAT = "dwarf-with-dsym";
				ENABLE_NS_ASSERTIONS = NO;
				ENABLE_STRICT_OBJC_MSGSEND = YES;
				ENABLE_USER_SCRIPT_SANDBOXING = YES;
				GCC_C_LANGUAGE_STANDARD = gnu17;
				GCC_NO_COMMON_BLOCKS = YES;
				GCC_WARN_64_TO_32_BIT_CONVERSION = YES;
				GCC_WARN_ABOUT_RETURN_TYPE = YES_ERROR;
				GCC_WARN_UNDECLARED_SELECTOR = YES;
				GCC_WARN_UNINITIALIZED_AUTOS = YES_AGGRESSIVE;
				GCC_WARN_UNUSED_FUNCTION = YES;
				GCC_WARN_UNUSED_VARIABLE = YES;
				IPHONEOS_DEPLOYMENT_TARGET = 17.5;
				LOCALIZATION_PREFERS_STRING_CATALOGS = YES;
				MTL_ENABLE_DEBUG_INFO = NO;
				MTL_FAST_MATH = YES;
				SDKROOT = iphoneos;
				SWIFT_COMPILATION_MODE = wholemodule;
				VALIDATE_PRODUCT = YES;
			};
			name = Release;
		};
		2C11E21C2C1F858A0036D6CD /* Debug */ = {
			isa = XCBuildConfiguration;
			buildSettings = {
				ASSETCATALOG_COMPILER_APPICON_NAME = AppIcon;
				ASSETCATALOG_COMPILER_GLOBAL_ACCENT_COLOR_NAME = AccentColor;
				CODE_SIGN_STYLE = Automatic;
				CURRENT_PROJECT_VERSION = 1;
				DEVELOPMENT_ASSET_PATHS = "\"Navigation/Preview Content\"";
				DEVELOPMENT_TEAM = 56SBWQ6FG6;
				ENABLE_PREVIEWS = YES;
				GENERATE_INFOPLIST_FILE = YES;
				INFOPLIST_KEY_UIApplicationSceneManifest_Generation = YES;
				INFOPLIST_KEY_UIApplicationSupportsIndirectInputEvents = YES;
				INFOPLIST_KEY_UILaunchScreen_Generation = YES;
				INFOPLIST_KEY_UISupportedInterfaceOrientations_iPad = "UIInterfaceOrientationPortrait UIInterfaceOrientationPortraitUpsideDown UIInterfaceOrientationLandscapeLeft UIInterfaceOrientationLandscapeRight";
				INFOPLIST_KEY_UISupportedInterfaceOrientations_iPhone = "UIInterfaceOrientationPortrait UIInterfaceOrientationLandscapeLeft UIInterfaceOrientationLandscapeRight";
				LD_RUNPATH_SEARCH_PATHS = (
					"$(inherited)",
					"@executable_path/Frameworks",
				);
				MARKETING_VERSION = 1.0;
				PRODUCT_BUNDLE_IDENTIFIER = ps.Navigation;
				PRODUCT_NAME = "$(TARGET_NAME)";
				SWIFT_EMIT_LOC_STRINGS = YES;
				SWIFT_VERSION = 5.0;
				TARGETED_DEVICE_FAMILY = "1,2";
			};
			name = Debug;
		};
		2C11E21D2C1F858A0036D6CD /* Release */ = {
			isa = XCBuildConfiguration;
			buildSettings = {
				ASSETCATALOG_COMPILER_APPICON_NAME = AppIcon;
				ASSETCATALOG_COMPILER_GLOBAL_ACCENT_COLOR_NAME = AccentColor;
				CODE_SIGN_STYLE = Automatic;
				CURRENT_PROJECT_VERSION = 1;
				DEVELOPMENT_ASSET_PATHS = "\"Navigation/Preview Content\"";
				DEVELOPMENT_TEAM = 56SBWQ6FG6;
				ENABLE_PREVIEWS = YES;
				GENERATE_INFOPLIST_FILE = YES;
				INFOPLIST_KEY_UIApplicationSceneManifest_Generation = YES;
				INFOPLIST_KEY_UIApplicationSupportsIndirectInputEvents = YES;
				INFOPLIST_KEY_UILaunchScreen_Generation = YES;
				INFOPLIST_KEY_UISupportedInterfaceOrientations_iPad = "UIInterfaceOrientationPortrait UIInterfaceOrientationPortraitUpsideDown UIInterfaceOrientationLandscapeLeft UIInterfaceOrientationLandscapeRight";
				INFOPLIST_KEY_UISupportedInterfaceOrientations_iPhone = "UIInterfaceOrientationPortrait UIInterfaceOrientationLandscapeLeft UIInterfaceOrientationLandscapeRight";
				LD_RUNPATH_SEARCH_PATHS = (
					"$(inherited)",
					"@executable_path/Frameworks",
				);
				MARKETING_VERSION = 1.0;
				PRODUCT_BUNDLE_IDENTIFIER = ps.Navigation;
				PRODUCT_NAME = "$(TARGET_NAME)";
				SWIFT_EMIT_LOC_STRINGS = YES;
				SWIFT_VERSION = 5.0;
				TARGETED_DEVICE_FAMILY = "1,2";
			};
			name = Release;
		};
/* End XCBuildConfiguration section */

/* Begin XCConfigurationList section */
		2C11E2082C1F85880036D6CD /* Build configuration list for PBXProject "Navigation" */ = {
			isa = XCConfigurationList;
			buildConfigurations = (
				2C11E2192C1F858A0036D6CD /* Debug */,
				2C11E21A2C1F858A0036D6CD /* Release */,
			);
			defaultConfigurationIsVisible = 0;
			defaultConfigurationName = Release;
		};
		2C11E21B2C1F858A0036D6CD /* Build configuration list for PBXNativeTarget "Navigation" */ = {
			isa = XCConfigurationList;
			buildConfigurations = (
				2C11E21C2C1F858A0036D6CD /* Debug */,
				2C11E21D2C1F858A0036D6CD /* Release */,
			);
			defaultConfigurationIsVisible = 0;
			defaultConfigurationName = Release;
		};
/* End XCConfigurationList section */
	};
	rootObject = 2C11E2052C1F85880036D6CD /* Project object */;
}
